{
  "name": "sherlockstring",
  "version": "1.0.0",
  "lockfileVersion": 1,
  "requires": true,
  "dependencies": {
    "@jsdevtools/file-path-filter": {
      "version": "3.0.1",
      "resolved": "https://registry.npmjs.org/@jsdevtools/file-path-filter/-/file-path-filter-3.0.1.tgz",
      "integrity": "sha512-7kOhYFyidfB9fZf2LLkMD/AntpFnxzWW614H4hLvWe3ENE9NN32cZQeF0Ychjg6h91XaUYbqQx2D/GtXJ05/Ew==",
      "requires": {
        "glob-to-regexp": "^0.4.1"
      }
    },
    "@jsdevtools/readdir-enhanced": {
      "version": "6.0.3",
      "resolved": "https://registry.npmjs.org/@jsdevtools/readdir-enhanced/-/readdir-enhanced-6.0.3.tgz",
      "integrity": "sha512-fDg/Qk6+vaMDGW3P4DN+i3Kx/t1Hk2FgKcxynA/N9a7hZZp3oBG55ia8lZP9CPWvIUDmOwIyDOo2/k9lTB2ciQ==",
      "requires": {
        "@jsdevtools/file-path-filter": "^3.0.0"
      }
    },
    "csv-writer": {
      "version": "1.6.0",
      "resolved": "https://registry.npmjs.org/csv-writer/-/csv-writer-1.6.0.tgz",
      "integrity": "sha512-NOx7YDFWEsM/fTRAJjRpPp8t+MKRVvniAg9wQlUKx20MFrPs73WLJhFf5iteqrxNYnsy924K3Iroh3yNHeYd2g=="
    },
    "glob-to-regexp": {
      "version": "0.4.1",
      "resolved": "https://registry.npmjs.org/glob-to-regexp/-/glob-to-regexp-0.4.1.tgz",
      "integrity": "sha512-lkX1HJXwyMcprw/5YUZc2s7DrpAiHB21/V+E1rHUrVNokkvB6bqMzT0VfV6/86ZNabt1k14YOIaT7nDvOX3Iiw=="
    },
    "php-parser": {
      "version": "3.0.1",
      "resolved": "https://registry.npmjs.org/php-parser/-/php-parser-3.0.1.tgz",
      "integrity": "sha512-m6CBPHOoMkzEHoXG0rhEg/VegSNemUNQepHnYtrRgTAh8rsqoO65KqQ32KJ5xe2iplhO0jdwd1UJ9Ea0yHsgYQ=="
    },
    "readdir-enhanced": {
      "version": "6.0.3",
      "resolved": "https://registry.npmjs.org/readdir-enhanced/-/readdir-enhanced-6.0.3.tgz",
      "integrity": "sha512-il2lsGAN3AzufAKnuqFdEz6TVdCCuQEpSQ96ntgUlCCRZwbz9A2VFLph0BqXQ/Sw1/Rb1wTrkbtsJpNEjP7wuA==",
      "requires": {
        "@jsdevtools/readdir-enhanced": "6.0.3"
      }
    }
  }
}
